github.com/HugoBlox/hugo-blox-builder/modules/blox-bootstrap/v5 v5.9.7-0.20231108143325-448ed0e3bd2b h1:5xDE5hd1KTEDX+s6skzWZmDP9m27eL03X5qREPlQORw=
github.com/HugoBlox/hugo-blox-builder/modules/blox-bootstrap/v5 v5.9.7-0.20231108143325-448ed0e3bd2b/go.mod h1:xZiTEEurbEwj/NhZohozvlyLCGVCT2wARHDAJeqKG/c=
github.com/HugoBlox/hugo-blox-builder/modules/blox-bootstrap/v5 v5.9.8-0.20241223201503-910927f2ec8f h1:5d4pOgkddYPoX4nO4wCn5OM/MW8pZE2Y4UEoRhVGYBg=
github.com/HugoBlox/hugo-blox-builder/modules/blox-bootstrap/v5 v5.9.8-0.20241223201503-910927f2ec8f/go.mod h1:+Itucnia7M8NWxaEys257x/34K4+POiBlR1yYCTrzBM=
github.com/HugoBlox/hugo-blox-builder/modules/blox-core v0.3.1/go.mod h1:So8+V2U+TNxlXmcpZfdDX0muLh3PdJ7z92h30sv3bZg=
github.com/HugoBlox/hugo-blox-builder/modules/blox-plugin-decap-cms v0.1.2-0.20231108143325-448ed0e3bd2b h1:pOYZJXK2hahVeW/FcVuBoFdvtR3DpsDDZVcbGnMNEdQ=
github.com/HugoBlox/hugo-blox-builder/modules/blox-plugin-decap-cms v0.1.2-0.20231108143325-448ed0e3bd2b/go.mod h1:Njlsj3S1Z833TdX1nacJZzsiwGGhOq4Nilzo2BH/wQ8=
github.com/HugoBlox/hugo-blox-builder/modules/blox-plugin-decap-cms v0.1.2-0.20241223201503-910927f2ec8f h1:KSOfF/iJp4lwPk6ILkhHW86Vv5Fqz9j0mL1tLsNM+E0=
github.com/HugoBlox/hugo-blox-builder/modules/blox-plugin-decap-cms v0.1.2-0.20241223201503-910927f2ec8f/go.mod h1:Njlsj3S1Z833TdX1nacJZzsiwGGhOq4Nilzo2BH/wQ8=
github.com/HugoBlox/hugo-blox-builder/modules/blox-plugin-netlify v1.1.2-0.20231108143325-448ed0e3bd2b h1:W8YVjA0quc4omsSJbsf80MRlB8Cd9DXnqlgYehikezM=
github.com/HugoBlox/hugo-blox-builder/modules/blox-plugin-netlify v1.1.2-0.20231108143325-448ed0e3bd2b/go.mod h1:C7jfxMLv1bEUqbM9XDSmEpfOpS8w06OgqNDEcbuRgL4=
github.com/HugoBlox/hugo-blox-builder/modules/blox-plugin-netlify v1.1.2-0.20241223201503-910927f2ec8f h1:I6IvNJfdMj2/ACqU15fRCtMlgLV3MgmdZELZ9LLHWjA=
github.com/HugoBlox/hugo-blox-builder/modules/blox-plugin-netlify v1.1.2-0.20241223201503-910927f2ec8f/go.mod h1:C7jfxMLv1bEUqbM9XDSmEpfOpS8w06OgqNDEcbuRgL4=
github.com/HugoBlox/hugo-blox-builder/modules/blox-seo v0.2.2/go.mod h1:NsESu6cEms1DgH84icCyylElg2Zu8A0f7Fma5JR0LZE=
github.com/HugoBlox/hugo-blox-builder/modules/blox-seo v0.2.3/go.mod h1:NsESu6cEms1DgH84icCyylElg2Zu8A0f7Fma5JR0LZE=
